
Microsoft Visual Studio Solution File, Format Version 12.00
# Visual Studio Version 16
VisualStudioVersion = 16.0.29613.14
MinimumVisualStudioVersion = 10.0.40219.1
Project("{9A19103F-16F7-4668-BE54-9A1E7A4F7556}") = "BDF.Bot", "BDF.Bot\BDF.Bot.csproj", "{D30B4D5E-561C-4570-9E4B-DC53B52EFDBD}"
EndProject
Project("{9A19103F-16F7-4668-BE54-9A1E7A4F7556}") = "BDF.Lib", "BDF.Lib\BDF.Lib.csproj", "{B591BF65-FE2E-4E6C-AEB7-78275C8D3B61}"
EndProject
Project("{2150E333-8FDC-42A3-9474-1A3956D46DE8}") = "Solution Items", "Solution Items", "{8E098135-2D99-41A2-B3CC-58F8BC69D674}"
	ProjectSection(SolutionItems) = preProject
		.editorconfig = .editorconfig
		.gitignore = .gitignore
		BDF.ruleset = BDF.ruleset
		LICENSE = LICENSE
		readme.md = readme.md
	EndProjectSection
EndProject
Global
	GlobalSection(SolutionConfigurationPlatforms) = preSolution
		Debug|Any CPU = Debug|Any CPU
		Release|Any CPU = Release|Any CPU
	EndGlobalSection
	GlobalSection(ProjectConfigurationPlatforms) = postSolution
		{D30B4D5E-561C-4570-9E4B-DC53B52EFDBD}.Debug|Any CPU.ActiveCfg = Debug|Any CPU
		{D30B4D5E-561C-4570-9E4B-DC53B52EFDBD}.Debug|Any CPU.Build.0 = Debug|Any CPU
		{D30B4D5E-561C-4570-9E4B-DC53B52EFDBD}.Release|Any CPU.ActiveCfg = Release|Any CPU
		{D30B4D5E-561C-4570-9E4B-DC53B52EFDBD}.Release|Any CPU.Build.0 = Release|Any CPU
		{B591BF65-FE2E-4E6C-AEB7-78275C8D3B61}.Debug|Any CPU.ActiveCfg = Debug|Any CPU
		{B591BF65-FE2E-4E6C-AEB7-78275C8D3B61}.Debug|Any CPU.Build.0 = Debug|Any CPU
		{B591BF65-FE2E-4E6C-AEB7-78275C8D3B61}.Release|Any CPU.ActiveCfg = Release|Any CPU
		{B591BF65-FE2E-4E6C-AEB7-78275C8D3B61}.Release|Any CPU.Build.0 = Release|Any CPU
	EndGlobalSection
	GlobalSection(SolutionProperties) = preSolution
		HideSolutionNode = FALSE
	EndGlobalSection
	GlobalSection(ExtensibilityGlobals) = postSolution
		SolutionGuid = {AC42726F-966E-45BF-BBFF-39CFE17BFD4C}
	EndGlobalSection
EndGlobal
